
Microsoft Visual Studio Solution File, Format Version 12.00
# Visual Studio 15
VisualStudioVersion = 15.0.28307.421
MinimumVisualStudioVersion = 10.0.40219.1
Project("{FAE04EC0-301F-11D3-BF4B-00C04F79EFBC}") = "AirplanesClassifier.Android", "AirplanesClassifier\AirplanesClassifier.Android\AirplanesClassifier.Android.csproj", "{58500AA3-4AFC-475A-B2B4-DBADD4F7E9F5}"
EndProject
Project("{FAE04EC0-301F-11D3-BF4B-00C04F79EFBC}") = "AirplanesClassifier.iOS", "AirplanesClassifier\AirplanesClassifier.iOS\AirplanesClassifier.iOS.csproj", "{0A613A6F-9BCD-499D-99DF-593974ECC992}"
EndProject
Project("{FAE04EC0-301F-11D3-BF4B-00C04F79EFBC}") = "AirplanesClassifier.UWP", "AirplanesClassifier\AirplanesClassifier.UWP\AirplanesClassifier.UWP.csproj", "{780A910C-4B3E-4F81-8A1F-E2268B9FDB46}"
EndProject
Project("{FAE04EC0-301F-11D3-BF4B-00C04F79EFBC}") = "AirplanesClassifier", "AirplanesClassifier\AirplanesClassifier\AirplanesClassifier.csproj", "{AE6830F6-7E94-401D-A42C-F92EE6D5C47A}"
EndProject
Global
	GlobalSection(SolutionConfigurationPlatforms) = preSolution
		Ad-Hoc|Any CPU = Ad-Hoc|Any CPU
		Ad-Hoc|ARM = Ad-Hoc|ARM
		Ad-Hoc|iPhone = Ad-Hoc|iPhone
		Ad-Hoc|iPhoneSimulator = Ad-Hoc|iPhoneSimulator
		Ad-Hoc|x64 = Ad-Hoc|x64
		Ad-Hoc|x86 = Ad-Hoc|x86
		AppStore|Any CPU = AppStore|Any CPU
		AppStore|ARM = AppStore|ARM
		AppStore|iPhone = AppStore|iPhone
		AppStore|iPhoneSimulator = AppStore|iPhoneSimulator
		AppStore|x64 = AppStore|x64
		AppStore|x86 = AppStore|x86
		Debug|Any CPU = Debug|Any CPU
		Debug|ARM = Debug|ARM
		Debug|iPhone = Debug|iPhone
		Debug|iPhoneSimulator = Debug|iPhoneSimulator
		Debug|x64 = Debug|x64
		Debug|x86 = Debug|x86
		Release|Any CPU = Release|Any CPU
		Release|ARM = Release|ARM
		Release|iPhone = Release|iPhone
		Release|iPhoneSimulator = Release|iPhoneSimulator
		Release|x64 = Release|x64
		Release|x86 = Release|x86
	EndGlobalSection
	GlobalSection(ProjectConfigurationPlatforms) = postSolution
		{58500AA3-4AFC-475A-B2B4-DBADD4F7E9F5}.Ad-Hoc|Any CPU.ActiveCfg = Release|Any CPU
		{58500AA3-4AFC-475A-B2B4-DBADD4F7E9F5}.Ad-Hoc|Any CPU.Build.0 = Release|Any CPU
		{58500AA3-4AFC-475A-B2B4-DBADD4F7E9F5}.Ad-Hoc|Any CPU.Deploy.0 = Release|Any CPU
		{58500AA3-4AFC-475A-B2B4-DBADD4F7E9F5}.Ad-Hoc|ARM.ActiveCfg = Release|Any CPU
		{58500AA3-4AFC-475A-B2B4-DBADD4F7E9F5}.Ad-Hoc|ARM.Build.0 = Release|Any CPU
		{58500AA3-4AFC-475A-B2B4-DBADD4F7E9F5}.Ad-Hoc|ARM.Deploy.0 = Release|Any CPU
		{58500AA3-4AFC-475A-B2B4-DBADD4F7E9F5}.Ad-Hoc|iPhone.ActiveCfg = Release|Any CPU
		{58500AA3-4AFC-475A-B2B4-DBADD4F7E9F5}.Ad-Hoc|iPhone.Build.0 = Release|Any CPU
		{58500AA3-4AFC-475A-B2B4-DBADD4F7E9F5}.Ad-Hoc|iPhone.Deploy.0 = Release|Any CPU
		{58500AA3-4AFC-475A-B2B4-DBADD4F7E9F5}.Ad-Hoc|iPhoneSimulator.ActiveCfg = Release|Any CPU
		{58500AA3-4AFC-475A-B2B4-DBADD4F7E9F5}.Ad-Hoc|iPhoneSimulator.Build.0 = Release|Any CPU
		{58500AA3-4AFC-475A-B2B4-DBADD4F7E9F5}.Ad-Hoc|iPhoneSimulator.Deploy.0 = Release|Any CPU
		{58500AA3-4AFC-475A-B2B4-DBADD4F7E9F5}.Ad-Hoc|x64.ActiveCfg = Release|Any CPU
		{58500AA3-4AFC-475A-B2B4-DBADD4F7E9F5}.Ad-Hoc|x64.Build.0 = Release|Any CPU
		{58500AA3-4AFC-475A-B2B4-DBADD4F7E9F5}.Ad-Hoc|x64.Deploy.0 = Release|Any CPU
		{58500AA3-4AFC-475A-B2B4-DBADD4F7E9F5}.Ad-Hoc|x86.ActiveCfg = Release|Any CPU
		{58500AA3-4AFC-475A-B2B4-DBADD4F7E9F5}.Ad-Hoc|x86.Build.0 = Release|Any CPU
		{58500AA3-4AFC-475A-B2B4-DBADD4F7E9F5}.Ad-Hoc|x86.Deploy.0 = Release|Any CPU
		{58500AA3-4AFC-475A-B2B4-DBADD4F7E9F5}.AppStore|Any CPU.ActiveCfg = Release|Any CPU
		{58500AA3-4AFC-475A-B2B4-DBADD4F7E9F5}.AppStore|Any CPU.Build.0 = Release|Any CPU
		{58500AA3-4AFC-475A-B2B4-DBADD4F7E9F5}.AppStore|Any CPU.Deploy.0 = Release|Any CPU
		{58500AA3-4AFC-475A-B2B4-DBADD4F7E9F5}.AppStore|ARM.ActiveCfg = Release|Any CPU
		{58500AA3-4AFC-475A-B2B4-DBADD4F7E9F5}.AppStore|ARM.Build.0 = Release|Any CPU
		{58500AA3-4AFC-475A-B2B4-DBADD4F7E9F5}.AppStore|ARM.Deploy.0 = Release|Any CPU
		{58500AA3-4AFC-475A-B2B4-DBADD4F7E9F5}.AppStore|iPhone.ActiveCfg = Release|Any CPU
		{58500AA3-4AFC-475A-B2B4-DBADD4F7E9F5}.AppStore|iPhone.Build.0 = Release|Any CPU
		{58500AA3-4AFC-475A-B2B4-DBADD4F7E9F5}.AppStore|iPhone.Deploy.0 = Release|Any CPU
		{58500AA3-4AFC-475A-B2B4-DBADD4F7E9F5}.AppStore|iPhoneSimulator.ActiveCfg = Release|Any CPU
		{58500AA3-4AFC-475A-B2B4-DBADD4F7E9F5}.AppStore|iPhoneSimulator.Build.0 = Release|Any CPU
		{58500AA3-4AFC-475A-B2B4-DBADD4F7E9F5}.AppStore|iPhoneSimulator.Deploy.0 = Release|Any CPU
		{58500AA3-4AFC-475A-B2B4-DBADD4F7E9F5}.AppStore|x64.ActiveCfg = Release|Any CPU
		{58500AA3-4AFC-475A-B2B4-DBADD4F7E9F5}.AppStore|x64.Build.0 = Release|Any CPU
		{58500AA3-4AFC-475A-B2B4-DBADD4F7E9F5}.AppStore|x64.Deploy.0 = Release|Any CPU
		{58500AA3-4AFC-475A-B2B4-DBADD4F7E9F5}.AppStore|x86.ActiveCfg = Release|Any CPU
		{58500AA3-4AFC-475A-B2B4-DBADD4F7E9F5}.AppStore|x86.Build.0 = Release|Any CPU
		{58500AA3-4AFC-475A-B2B4-DBADD4F7E9F5}.AppStore|x86.Deploy.0 = Release|Any CPU
		{58500AA3-4AFC-475A-B2B4-DBADD4F7E9F5}.Debug|Any CPU.ActiveCfg = Debug|Any CPU
		{58500AA3-4AFC-475A-B2B4-DBADD4F7E9F5}.Debug|Any CPU.Build.0 = Debug|Any CPU
		{58500AA3-4AFC-475A-B2B4-DBADD4F7E9F5}.Debug|Any CPU.Deploy.0 = Debug|Any CPU
		{58500AA3-4AFC-475A-B2B4-DBADD4F7E9F5}.Debug|ARM.ActiveCfg = Debug|Any CPU
		{58500AA3-4AFC-475A-B2B4-DBADD4F7E9F5}.Debug|ARM.Build.0 = Debug|Any CPU
		{58500AA3-4AFC-475A-B2B4-DBADD4F7E9F5}.Debug|ARM.Deploy.0 = Debug|Any CPU
		{58500AA3-4AFC-475A-B2B4-DBADD4F7E9F5}.Debug|iPhone.ActiveCfg = Debug|Any CPU
		{58500AA3-4AFC-475A-B2B4-DBADD4F7E9F5}.Debug|iPhone.Build.0 = Debug|Any CPU
		{58500AA3-4AFC-475A-B2B4-DBADD4F7E9F5}.Debug|iPhone.Deploy.0 = Debug|Any CPU
		{58500AA3-4AFC-475A-B2B4-DBADD4F7E9F5}.Debug|iPhoneSimulator.ActiveCfg = Debug|Any CPU
		{58500AA3-4AFC-475A-B2B4-DBADD4F7E9F5}.Debug|iPhoneSimulator.Build.0 = Debug|Any CPU
		{58500AA3-4AFC-475A-B2B4-DBADD4F7E9F5}.Debug|iPhoneSimulator.Deploy.0 = Debug|Any CPU
		{58500AA3-4AFC-475A-B2B4-DBADD4F7E9F5}.Debug|x64.ActiveCfg = Debug|Any CPU
		{58500AA3-4AFC-475A-B2B4-DBADD4F7E9F5}.Debug|x64.Build.0 = Debug|Any CPU
		{58500AA3-4AFC-475A-B2B4-DBADD4F7E9F5}.Debug|x64.Deploy.0 = Debug|Any CPU
		{58500AA3-4AFC-475A-B2B4-DBADD4F7E9F5}.Debug|x86.ActiveCfg = Debug|Any CPU
		{58500AA3-4AFC-475A-B2B4-DBADD4F7E9F5}.Debug|x86.Build.0 = Debug|Any CPU
		{58500AA3-4AFC-475A-B2B4-DBADD4F7E9F5}.Debug|x86.Deploy.0 = Debug|Any CPU
		{58500AA3-4AFC-475A-B2B4-DBADD4F7E9F5}.Release|Any CPU.ActiveCfg = Release|Any CPU
		{58500AA3-4AFC-475A-B2B4-DBADD4F7E9F5}.Release|Any CPU.Build.0 = Release|Any CPU
		{58500AA3-4AFC-475A-B2B4-DBADD4F7E9F5}.Release|Any CPU.Deploy.0 = Release|Any CPU
		{58500AA3-4AFC-475A-B2B4-DBADD4F7E9F5}.Release|ARM.ActiveCfg = Release|Any CPU
		{58500AA3-4AFC-475A-B2B4-DBADD4F7E9F5}.Release|ARM.Build.0 = Release|Any CPU
		{58500AA3-4AFC-475A-B2B4-DBADD4F7E9F5}.Release|ARM.Deploy.0 = Release|Any CPU
		{58500AA3-4AFC-475A-B2B4-DBADD4F7E9F5}.Release|iPhone.ActiveCfg = Release|Any CPU
		{58500AA3-4AFC-475A-B2B4-DBADD4F7E9F5}.Release|iPhone.Build.0 = Release|Any CPU
		{58500AA3-4AFC-475A-B2B4-DBADD4F7E9F5}.Release|iPhone.Deploy.0 = Release|Any CPU
		{58500AA3-4AFC-475A-B2B4-DBADD4F7E9F5}.Release|iPhoneSimulator.ActiveCfg = Release|Any CPU
		{58500AA3-4AFC-475A-B2B4-DBADD4F7E9F5}.Release|iPhoneSimulator.Build.0 = Release|Any CPU
		{58500AA3-4AFC-475A-B2B4-DBADD4F7E9F5}.Release|iPhoneSimulator.Deploy.0 = Release|Any CPU
		{58500AA3-4AFC-475A-B2B4-DBADD4F7E9F5}.Release|x64.ActiveCfg = Release|Any CPU
		{58500AA3-4AFC-475A-B2B4-DBADD4F7E9F5}.Release|x64.Build.0 = Release|Any CPU
		{58500AA3-4AFC-475A-B2B4-DBADD4F7E9F5}.Release|x64.Deploy.0 = Release|Any CPU
		{58500AA3-4AFC-475A-B2B4-DBADD4F7E9F5}.Release|x86.ActiveCfg = Release|Any CPU
		{58500AA3-4AFC-475A-B2B4-DBADD4F7E9F5}.Release|x86.Build.0 = Release|Any CPU
		{58500AA3-4AFC-475A-B2B4-DBADD4F7E9F5}.Release|x86.Deploy.0 = Release|Any CPU
		{0A613A6F-9BCD-499D-99DF-593974ECC992}.Ad-Hoc|Any CPU.ActiveCfg = Ad-Hoc|iPhone
		{0A613A6F-9BCD-499D-99DF-593974ECC992}.Ad-Hoc|Any CPU.Build.0 = Ad-Hoc|iPhone
		{0A613A6F-9BCD-499D-99DF-593974ECC992}.Ad-Hoc|Any CPU.Deploy.0 = Ad-Hoc|iPhone
		{0A613A6F-9BCD-499D-99DF-593974ECC992}.Ad-Hoc|ARM.ActiveCfg = Ad-Hoc|iPhone
		{0A613A6F-9BCD-499D-99DF-593974ECC992}.Ad-Hoc|ARM.Build.0 = Ad-Hoc|iPhone
		{0A613A6F-9BCD-499D-99DF-593974ECC992}.Ad-Hoc|ARM.Deploy.0 = Ad-Hoc|iPhone
		{0A613A6F-9BCD-499D-99DF-593974ECC992}.Ad-Hoc|iPhone.ActiveCfg = Ad-Hoc|iPhone
		{0A613A6F-9BCD-499D-99DF-593974ECC992}.Ad-Hoc|iPhone.Build.0 = Ad-Hoc|iPhone
		{0A613A6F-9BCD-499D-99DF-593974ECC992}.Ad-Hoc|iPhone.Deploy.0 = Ad-Hoc|iPhone
		{0A613A6F-9BCD-499D-99DF-593974ECC992}.Ad-Hoc|iPhoneSimulator.ActiveCfg = Ad-Hoc|iPhoneSimulator
		{0A613A6F-9BCD-499D-99DF-593974ECC992}.Ad-Hoc|iPhoneSimulator.Build.0 = Ad-Hoc|iPhoneSimulator
		{0A613A6F-9BCD-499D-99DF-593974ECC992}.Ad-Hoc|iPhoneSimulator.Deploy.0 = Ad-Hoc|iPhoneSimulator
		{0A613A6F-9BCD-499D-99DF-593974ECC992}.Ad-Hoc|x64.ActiveCfg = Ad-Hoc|iPhone
		{0A613A6F-9BCD-499D-99DF-593974ECC992}.Ad-Hoc|x64.Build.0 = Ad-Hoc|iPhone
		{0A613A6F-9BCD-499D-99DF-593974ECC992}.Ad-Hoc|x64.Deploy.0 = Ad-Hoc|iPhone
		{0A613A6F-9BCD-499D-99DF-593974ECC992}.Ad-Hoc|x86.ActiveCfg = Ad-Hoc|iPhone
		{0A613A6F-9BCD-499D-99DF-593974ECC992}.Ad-Hoc|x86.Build.0 = Ad-Hoc|iPhone
		{0A613A6F-9BCD-499D-99DF-593974ECC992}.Ad-Hoc|x86.Deploy.0 = Ad-Hoc|iPhone
		{0A613A6F-9BCD-499D-99DF-593974ECC992}.AppStore|Any CPU.ActiveCfg = AppStore|iPhone
		{0A613A6F-9BCD-499D-99DF-593974ECC992}.AppStore|Any CPU.Build.0 = AppStore|iPhone
		{0A613A6F-9BCD-499D-99DF-593974ECC992}.AppStore|Any CPU.Deploy.0 = AppStore|iPhone
		{0A613A6F-9BCD-499D-99DF-593974ECC992}.AppStore|ARM.ActiveCfg = AppStore|iPhone
		{0A613A6F-9BCD-499D-99DF-593974ECC992}.AppStore|ARM.Build.0 = AppStore|iPhone
		{0A613A6F-9BCD-499D-99DF-593974ECC992}.AppStore|ARM.Deploy.0 = AppStore|iPhone
		{0A613A6F-9BCD-499D-99DF-593974ECC992}.AppStore|iPhone.ActiveCfg = AppStore|iPhone
		{0A613A6F-9BCD-499D-99DF-593974ECC992}.AppStore|iPhone.Build.0 = AppStore|iPhone
		{0A613A6F-9BCD-499D-99DF-593974ECC992}.AppStore|iPhone.Deploy.0 = AppStore|iPhone
		{0A613A6F-9BCD-499D-99DF-593974ECC992}.AppStore|iPhoneSimulator.ActiveCfg = AppStore|iPhoneSimulator
		{0A613A6F-9BCD-499D-99DF-593974ECC992}.AppStore|iPhoneSimulator.Build.0 = AppStore|iPhoneSimulator
		{0A613A6F-9BCD-499D-99DF-593974ECC992}.AppStore|iPhoneSimulator.Deploy.0 = AppStore|iPhoneSimulator
		{0A613A6F-9BCD-499D-99DF-593974ECC992}.AppStore|x64.ActiveCfg = AppStore|iPhone
		{0A613A6F-9BCD-499D-99DF-593974ECC992}.AppStore|x64.Build.0 = AppStore|iPhone
		{0A613A6F-9BCD-499D-99DF-593974ECC992}.AppStore|x64.Deploy.0 = AppStore|iPhone
		{0A613A6F-9BCD-499D-99DF-593974ECC992}.AppStore|x86.ActiveCfg = AppStore|iPhone
		{0A613A6F-9BCD-499D-99DF-593974ECC992}.AppStore|x86.Build.0 = AppStore|iPhone
		{0A613A6F-9BCD-499D-99DF-593974ECC992}.AppStore|x86.Deploy.0 = AppStore|iPhone
		{0A613A6F-9BCD-499D-99DF-593974ECC992}.Debug|Any CPU.ActiveCfg = Debug|iPhone
		{0A613A6F-9BCD-499D-99DF-593974ECC992}.Debug|Any CPU.Build.0 = Debug|iPhone
		{0A613A6F-9BCD-499D-99DF-593974ECC992}.Debug|Any CPU.Deploy.0 = Debug|iPhone
		{0A613A6F-9BCD-499D-99DF-593974ECC992}.Debug|ARM.ActiveCfg = Debug|iPhone
		{0A613A6F-9BCD-499D-99DF-593974ECC992}.Debug|ARM.Build.0 = Debug|iPhone
		{0A613A6F-9BCD-499D-99DF-593974ECC992}.Debug|ARM.Deploy.0 = Debug|iPhone
		{0A613A6F-9BCD-499D-99DF-593974ECC992}.Debug|iPhone.ActiveCfg = Debug|iPhone
		{0A613A6F-9BCD-499D-99DF-593974ECC992}.Debug|iPhone.Build.0 = Debug|iPhone
		{0A613A6F-9BCD-499D-99DF-593974ECC992}.Debug|iPhone.Deploy.0 = Debug|iPhone
		{0A613A6F-9BCD-499D-99DF-593974ECC992}.Debug|iPhoneSimulator.ActiveCfg = Debug|iPhoneSimulator
		{0A613A6F-9BCD-499D-99DF-593974ECC992}.Debug|iPhoneSimulator.Build.0 = Debug|iPhoneSimulator
		{0A613A6F-9BCD-499D-99DF-593974ECC992}.Debug|iPhoneSimulator.Deploy.0 = Debug|iPhoneSimulator
		{0A613A6F-9BCD-499D-99DF-593974ECC992}.Debug|x64.ActiveCfg = Debug|iPhone
		{0A613A6F-9BCD-499D-99DF-593974ECC992}.Debug|x64.Build.0 = Debug|iPhone
		{0A613A6F-9BCD-499D-99DF-593974ECC992}.Debug|x64.Deploy.0 = Debug|iPhone
		{0A613A6F-9BCD-499D-99DF-593974ECC992}.Debug|x86.ActiveCfg = Debug|iPhoneSimulator
		{0A613A6F-9BCD-499D-99DF-593974ECC992}.Debug|x86.Build.0 = Debug|iPhoneSimulator
		{0A613A6F-9BCD-499D-99DF-593974ECC992}.Debug|x86.Deploy.0 = Debug|iPhoneSimulator
		{0A613A6F-9BCD-499D-99DF-593974ECC992}.Release|Any CPU.ActiveCfg = Release|iPhone
		{0A613A6F-9BCD-499D-99DF-593974ECC992}.Release|Any CPU.Build.0 = Release|iPhone
		{0A613A6F-9BCD-499D-99DF-593974ECC992}.Release|Any CPU.Deploy.0 = Release|iPhone
		{0A613A6F-9BCD-499D-99DF-593974ECC992}.Release|ARM.ActiveCfg = Release|iPhone
		{0A613A6F-9BCD-499D-99DF-593974ECC992}.Release|ARM.Build.0 = Release|iPhone
		{0A613A6F-9BCD-499D-99DF-593974ECC992}.Release|ARM.Deploy.0 = Release|iPhone
		{0A613A6F-9BCD-499D-99DF-593974ECC992}.Release|iPhone.ActiveCfg = Release|iPhone
		{0A613A6F-9BCD-499D-99DF-593974ECC992}.Release|iPhone.Build.0 = Release|iPhone
		{0A613A6F-9BCD-499D-99DF-593974ECC992}.Release|iPhone.Deploy.0 = Release|iPhone
		{0A613A6F-9BCD-499D-99DF-593974ECC992}.Release|iPhoneSimulator.ActiveCfg = Release|iPhoneSimulator
		{0A613A6F-9BCD-499D-99DF-593974ECC992}.Release|iPhoneSimulator.Build.0 = Release|iPhoneSimulator
		{0A613A6F-9BCD-499D-99DF-593974ECC992}.Release|iPhoneSimulator.Deploy.0 = Release|iPhoneSimulator
		{0A613A6F-9BCD-499D-99DF-593974ECC992}.Release|x64.ActiveCfg = Release|iPhone
		{0A613A6F-9BCD-499D-99DF-593974ECC992}.Release|x64.Build.0 = Release|iPhone
		{0A613A6F-9BCD-499D-99DF-593974ECC992}.Release|x64.Deploy.0 = Release|iPhone
		{0A613A6F-9BCD-499D-99DF-593974ECC992}.Release|x86.ActiveCfg = Release|iPhone
		{0A613A6F-9BCD-499D-99DF-593974ECC992}.Release|x86.Build.0 = Release|iPhone
		{0A613A6F-9BCD-499D-99DF-593974ECC992}.Release|x86.Deploy.0 = Release|iPhone
		{780A910C-4B3E-4F81-8A1F-E2268B9FDB46}.Ad-Hoc|Any CPU.ActiveCfg = Release|x86
		{780A910C-4B3E-4F81-8A1F-E2268B9FDB46}.Ad-Hoc|Any CPU.Build.0 = Release|x86
		{780A910C-4B3E-4F81-8A1F-E2268B9FDB46}.Ad-Hoc|Any CPU.Deploy.0 = Release|x86
		{780A910C-4B3E-4F81-8A1F-E2268B9FDB46}.Ad-Hoc|ARM.ActiveCfg = Release|ARM
		{780A910C-4B3E-4F81-8A1F-E2268B9FDB46}.Ad-Hoc|ARM.Build.0 = Release|ARM
		{780A910C-4B3E-4F81-8A1F-E2268B9FDB46}.Ad-Hoc|ARM.Deploy.0 = Release|ARM
		{780A910C-4B3E-4F81-8A1F-E2268B9FDB46}.Ad-Hoc|iPhone.ActiveCfg = Release|x86
		{780A910C-4B3E-4F81-8A1F-E2268B9FDB46}.Ad-Hoc|iPhone.Build.0 = Release|x86
		{780A910C-4B3E-4F81-8A1F-E2268B9FDB46}.Ad-Hoc|iPhone.Deploy.0 = Release|x86
		{780A910C-4B3E-4F81-8A1F-E2268B9FDB46}.Ad-Hoc|iPhoneSimulator.ActiveCfg = Release|x86
		{780A910C-4B3E-4F81-8A1F-E2268B9FDB46}.Ad-Hoc|iPhoneSimulator.Build.0 = Release|x86
		{780A910C-4B3E-4F81-8A1F-E2268B9FDB46}.Ad-Hoc|iPhoneSimulator.Deploy.0 = Release|x86
		{780A910C-4B3E-4F81-8A1F-E2268B9FDB46}.Ad-Hoc|x64.ActiveCfg = Release|x64
		{780A910C-4B3E-4F81-8A1F-E2268B9FDB46}.Ad-Hoc|x64.Build.0 = Release|x64
		{780A910C-4B3E-4F81-8A1F-E2268B9FDB46}.Ad-Hoc|x64.Deploy.0 = Release|x64
		{780A910C-4B3E-4F81-8A1F-E2268B9FDB46}.Ad-Hoc|x86.ActiveCfg = Release|x86
		{780A910C-4B3E-4F81-8A1F-E2268B9FDB46}.Ad-Hoc|x86.Build.0 = Release|x86
		{780A910C-4B3E-4F81-8A1F-E2268B9FDB46}.Ad-Hoc|x86.Deploy.0 = Release|x86
		{780A910C-4B3E-4F81-8A1F-E2268B9FDB46}.AppStore|Any CPU.ActiveCfg = Release|x86
		{780A910C-4B3E-4F81-8A1F-E2268B9FDB46}.AppStore|Any CPU.Build.0 = Release|x86
		{780A910C-4B3E-4F81-8A1F-E2268B9FDB46}.AppStore|Any CPU.Deploy.0 = Release|x86
		{780A910C-4B3E-4F81-8A1F-E2268B9FDB46}.AppStore|ARM.ActiveCfg = Release|ARM
		{780A910C-4B3E-4F81-8A1F-E2268B9FDB46}.AppStore|ARM.Build.0 = Release|ARM
		{780A910C-4B3E-4F81-8A1F-E2268B9FDB46}.AppStore|ARM.Deploy.0 = Release|ARM
		{780A910C-4B3E-4F81-8A1F-E2268B9FDB46}.AppStore|iPhone.ActiveCfg = Release|x86
		{780A910C-4B3E-4F81-8A1F-E2268B9FDB46}.AppStore|iPhone.Build.0 = Release|x86
		{780A910C-4B3E-4F81-8A1F-E2268B9FDB46}.AppStore|iPhone.Deploy.0 = Release|x86
		{780A910C-4B3E-4F81-8A1F-E2268B9FDB46}.AppStore|iPhoneSimulator.ActiveCfg = Release|x86
		{780A910C-4B3E-4F81-8A1F-E2268B9FDB46}.AppStore|iPhoneSimulator.Build.0 = Release|x86
		{780A910C-4B3E-4F81-8A1F-E2268B9FDB46}.AppStore|iPhoneSimulator.Deploy.0 = Release|x86
		{780A910C-4B3E-4F81-8A1F-E2268B9FDB46}.AppStore|x64.ActiveCfg = Release|x64
		{780A910C-4B3E-4F81-8A1F-E2268B9FDB46}.AppStore|x64.Build.0 = Release|x64
		{780A910C-4B3E-4F81-8A1F-E2268B9FDB46}.AppStore|x64.Deploy.0 = Release|x64
		{780A910C-4B3E-4F81-8A1F-E2268B9FDB46}.AppStore|x86.ActiveCfg = Release|x86
		{780A910C-4B3E-4F81-8A1F-E2268B9FDB46}.AppStore|x86.Build.0 = Release|x86
		{780A910C-4B3E-4F81-8A1F-E2268B9FDB46}.AppStore|x86.Deploy.0 = Release|x86
		{780A910C-4B3E-4F81-8A1F-E2268B9FDB46}.Debug|Any CPU.ActiveCfg = Debug|x86
		{780A910C-4B3E-4F81-8A1F-E2268B9FDB46}.Debug|Any CPU.Build.0 = Debug|x86
		{780A910C-4B3E-4F81-8A1F-E2268B9FDB46}.Debug|Any CPU.Deploy.0 = Debug|x86
		{780A910C-4B3E-4F81-8A1F-E2268B9FDB46}.Debug|ARM.ActiveCfg = Debug|ARM
		{780A910C-4B3E-4F81-8A1F-E2268B9FDB46}.Debug|ARM.Build.0 = Debug|ARM
		{780A910C-4B3E-4F81-8A1F-E2268B9FDB46}.Debug|ARM.Deploy.0 = Debug|ARM
		{780A910C-4B3E-4F81-8A1F-E2268B9FDB46}.Debug|iPhone.ActiveCfg = Debug|x86
		{780A910C-4B3E-4F81-8A1F-E2268B9FDB46}.Debug|iPhone.Build.0 = Debug|x86
		{780A910C-4B3E-4F81-8A1F-E2268B9FDB46}.Debug|iPhone.Deploy.0 = Debug|x86
		{780A910C-4B3E-4F81-8A1F-E2268B9FDB46}.Debug|iPhoneSimulator.ActiveCfg = Debug|x86
		{780A910C-4B3E-4F81-8A1F-E2268B9FDB46}.Debug|iPhoneSimulator.Build.0 = Debug|x86
		{780A910C-4B3E-4F81-8A1F-E2268B9FDB46}.Debug|iPhoneSimulator.Deploy.0 = Debug|x86
		{780A910C-4B3E-4F81-8A1F-E2268B9FDB46}.Debug|x64.ActiveCfg = Debug|x64
		{780A910C-4B3E-4F81-8A1F-E2268B9FDB46}.Debug|x64.Build.0 = Debug|x64
		{780A910C-4B3E-4F81-8A1F-E2268B9FDB46}.Debug|x64.Deploy.0 = Debug|x64
		{780A910C-4B3E-4F81-8A1F-E2268B9FDB46}.Debug|x86.ActiveCfg = Debug|x86
		{780A910C-4B3E-4F81-8A1F-E2268B9FDB46}.Debug|x86.Build.0 = Debug|x86
		{780A910C-4B3E-4F81-8A1F-E2268B9FDB46}.Debug|x86.Deploy.0 = Debug|x86
		{780A910C-4B3E-4F81-8A1F-E2268B9FDB46}.Release|Any CPU.ActiveCfg = Release|x86
		{780A910C-4B3E-4F81-8A1F-E2268B9FDB46}.Release|Any CPU.Build.0 = Release|x86
		{780A910C-4B3E-4F81-8A1F-E2268B9FDB46}.Release|Any CPU.Deploy.0 = Release|x86
		{780A910C-4B3E-4F81-8A1F-E2268B9FDB46}.Release|ARM.ActiveCfg = Release|ARM
		{780A910C-4B3E-4F81-8A1F-E2268B9FDB46}.Release|ARM.Build.0 = Release|ARM
		{780A910C-4B3E-4F81-8A1F-E2268B9FDB46}.Release|ARM.Deploy.0 = Release|ARM
		{780A910C-4B3E-4F81-8A1F-E2268B9FDB46}.Release|iPhone.ActiveCfg = Release|x86
		{780A910C-4B3E-4F81-8A1F-E2268B9FDB46}.Release|iPhone.Build.0 = Release|x86
		{780A910C-4B3E-4F81-8A1F-E2268B9FDB46}.Release|iPhone.Deploy.0 = Release|x86
		{780A910C-4B3E-4F81-8A1F-E2268B9FDB46}.Release|iPhoneSimulator.ActiveCfg = Release|x86
		{780A910C-4B3E-4F81-8A1F-E2268B9FDB46}.Release|iPhoneSimulator.Build.0 = Release|x86
		{780A910C-4B3E-4F81-8A1F-E2268B9FDB46}.Release|iPhoneSimulator.Deploy.0 = Release|x86
		{780A910C-4B3E-4F81-8A1F-E2268B9FDB46}.Release|x64.ActiveCfg = Release|x64
		{780A910C-4B3E-4F81-8A1F-E2268B9FDB46}.Release|x64.Build.0 = Release|x64
		{780A910C-4B3E-4F81-8A1F-E2268B9FDB46}.Release|x64.Deploy.0 = Release|x64
		{780A910C-4B3E-4F81-8A1F-E2268B9FDB46}.Release|x86.ActiveCfg = Release|x86
		{780A910C-4B3E-4F81-8A1F-E2268B9FDB46}.Release|x86.Build.0 = Release|x86
		{780A910C-4B3E-4F81-8A1F-E2268B9FDB46}.Release|x86.Deploy.0 = Release|x86
		{AE6830F6-7E94-401D-A42C-F92EE6D5C47A}.Ad-Hoc|Any CPU.ActiveCfg = Debug|Any CPU
		{AE6830F6-7E94-401D-A42C-F92EE6D5C47A}.Ad-Hoc|Any CPU.Build.0 = Debug|Any CPU
		{AE6830F6-7E94-401D-A42C-F92EE6D5C47A}.Ad-Hoc|Any CPU.Deploy.0 = Debug|Any CPU
		{AE6830F6-7E94-401D-A42C-F92EE6D5C47A}.Ad-Hoc|ARM.ActiveCfg = Debug|Any CPU
		{AE6830F6-7E94-401D-A42C-F92EE6D5C47A}.Ad-Hoc|ARM.Build.0 = Debug|Any CPU
		{AE6830F6-7E94-401D-A42C-F92EE6D5C47A}.Ad-Hoc|ARM.Deploy.0 = Debug|Any CPU
		{AE6830F6-7E94-401D-A42C-F92EE6D5C47A}.Ad-Hoc|iPhone.ActiveCfg = Debug|Any CPU
		{AE6830F6-7E94-401D-A42C-F92EE6D5C47A}.Ad-Hoc|iPhone.Build.0 = Debug|Any CPU
		{AE6830F6-7E94-401D-A42C-F92EE6D5C47A}.Ad-Hoc|iPhone.Deploy.0 = Debug|Any CPU
		{AE6830F6-7E94-401D-A42C-F92EE6D5C47A}.Ad-Hoc|iPhoneSimulator.ActiveCfg = Debug|Any CPU
		{AE6830F6-7E94-401D-A42C-F92EE6D5C47A}.Ad-Hoc|iPhoneSimulator.Build.0 = Debug|Any CPU
		{AE6830F6-7E94-401D-A42C-F92EE6D5C47A}.Ad-Hoc|iPhoneSimulator.Deploy.0 = Debug|Any CPU
		{AE6830F6-7E94-401D-A42C-F92EE6D5C47A}.Ad-Hoc|x64.ActiveCfg = Debug|Any CPU
		{AE6830F6-7E94-401D-A42C-F92EE6D5C47A}.Ad-Hoc|x64.Build.0 = Debug|Any CPU
		{AE6830F6-7E94-401D-A42C-F92EE6D5C47A}.Ad-Hoc|x64.Deploy.0 = Debug|Any CPU
		{AE6830F6-7E94-401D-A42C-F92EE6D5C47A}.Ad-Hoc|x86.ActiveCfg = Debug|Any CPU
		{AE6830F6-7E94-401D-A42C-F92EE6D5C47A}.Ad-Hoc|x86.Build.0 = Debug|Any CPU
		{AE6830F6-7E94-401D-A42C-F92EE6D5C47A}.Ad-Hoc|x86.Deploy.0 = Debug|Any CPU
		{AE6830F6-7E94-401D-A42C-F92EE6D5C47A}.AppStore|Any CPU.ActiveCfg = Debug|Any CPU
		{AE6830F6-7E94-401D-A42C-F92EE6D5C47A}.AppStore|Any CPU.Build.0 = Debug|Any CPU
		{AE6830F6-7E94-401D-A42C-F92EE6D5C47A}.AppStore|Any CPU.Deploy.0 = Debug|Any CPU
		{AE6830F6-7E94-401D-A42C-F92EE6D5C47A}.AppStore|ARM.ActiveCfg = Debug|Any CPU
		{AE6830F6-7E94-401D-A42C-F92EE6D5C47A}.AppStore|ARM.Build.0 = Debug|Any CPU
		{AE6830F6-7E94-401D-A42C-F92EE6D5C47A}.AppStore|ARM.Deploy.0 = Debug|Any CPU
		{AE6830F6-7E94-401D-A42C-F92EE6D5C47A}.AppStore|iPhone.ActiveCfg = Debug|Any CPU
		{AE6830F6-7E94-401D-A42C-F92EE6D5C47A}.AppStore|iPhone.Build.0 = Debug|Any CPU
		{AE6830F6-7E94-401D-A42C-F92EE6D5C47A}.AppStore|iPhone.Deploy.0 = Debug|Any CPU
		{AE6830F6-7E94-401D-A42C-F92EE6D5C47A}.AppStore|iPhoneSimulator.ActiveCfg = Debug|Any CPU
		{AE6830F6-7E94-401D-A42C-F92EE6D5C47A}.AppStore|iPhoneSimulator.Build.0 = Debug|Any CPU
		{AE6830F6-7E94-401D-A42C-F92EE6D5C47A}.AppStore|iPhoneSimulator.Deploy.0 = Debug|Any CPU
		{AE6830F6-7E94-401D-A42C-F92EE6D5C47A}.AppStore|x64.ActiveCfg = Debug|Any CPU
		{AE6830F6-7E94-401D-A42C-F92EE6D5C47A}.AppStore|x64.Build.0 = Debug|Any CPU
		{AE6830F6-7E94-401D-A42C-F92EE6D5C47A}.AppStore|x64.Deploy.0 = Debug|Any CPU
		{AE6830F6-7E94-401D-A42C-F92EE6D5C47A}.AppStore|x86.ActiveCfg = Debug|Any CPU
		{AE6830F6-7E94-401D-A42C-F92EE6D5C47A}.AppStore|x86.Build.0 = Debug|Any CPU
		{AE6830F6-7E94-401D-A42C-F92EE6D5C47A}.AppStore|x86.Deploy.0 = Debug|Any CPU
		{AE6830F6-7E94-401D-A42C-F92EE6D5C47A}.Debug|Any CPU.ActiveCfg = Debug|Any CPU
		{AE6830F6-7E94-401D-A42C-F92EE6D5C47A}.Debug|Any CPU.Build.0 = Debug|Any CPU
		{AE6830F6-7E94-401D-A42C-F92EE6D5C47A}.Debug|Any CPU.Deploy.0 = Debug|Any CPU
		{AE6830F6-7E94-401D-A42C-F92EE6D5C47A}.Debug|ARM.ActiveCfg = Debug|Any CPU
		{AE6830F6-7E94-401D-A42C-F92EE6D5C47A}.Debug|ARM.Build.0 = Debug|Any CPU
		{AE6830F6-7E94-401D-A42C-F92EE6D5C47A}.Debug|ARM.Deploy.0 = Debug|Any CPU
		{AE6830F6-7E94-401D-A42C-F92EE6D5C47A}.Debug|iPhone.ActiveCfg = Debug|Any CPU
		{AE6830F6-7E94-401D-A42C-F92EE6D5C47A}.Debug|iPhone.Build.0 = Debug|Any CPU
		{AE6830F6-7E94-401D-A42C-F92EE6D5C47A}.Debug|iPhone.Deploy.0 = Debug|Any CPU
		{AE6830F6-7E94-401D-A42C-F92EE6D5C47A}.Debug|iPhoneSimulator.ActiveCfg = Debug|Any CPU
		{AE6830F6-7E94-401D-A42C-F92EE6D5C47A}.Debug|iPhoneSimulator.Build.0 = Debug|Any CPU
		{AE6830F6-7E94-401D-A42C-F92EE6D5C47A}.Debug|iPhoneSimulator.Deploy.0 = Debug|Any CPU
		{AE6830F6-7E94-401D-A42C-F92EE6D5C47A}.Debug|x64.ActiveCfg = Debug|Any CPU
		{AE6830F6-7E94-401D-A42C-F92EE6D5C47A}.Debug|x64.Build.0 = Debug|Any CPU
		{AE6830F6-7E94-401D-A42C-F92EE6D5C47A}.Debug|x64.Deploy.0 = Debug|Any CPU
		{AE6830F6-7E94-401D-A42C-F92EE6D5C47A}.Debug|x86.ActiveCfg = Debug|Any CPU
		{AE6830F6-7E94-401D-A42C-F92EE6D5C47A}.Debug|x86.Build.0 = Debug|Any CPU
		{AE6830F6-7E94-401D-A42C-F92EE6D5C47A}.Debug|x86.Deploy.0 = Debug|Any CPU
		{AE6830F6-7E94-401D-A42C-F92EE6D5C47A}.Release|Any CPU.ActiveCfg = Release|Any CPU
		{AE6830F6-7E94-401D-A42C-F92EE6D5C47A}.Release|Any CPU.Build.0 = Release|Any CPU
		{AE6830F6-7E94-401D-A42C-F92EE6D5C47A}.Release|Any CPU.Deploy.0 = Release|Any CPU
		{AE6830F6-7E94-401D-A42C-F92EE6D5C47A}.Release|ARM.ActiveCfg = Release|Any CPU
		{AE6830F6-7E94-401D-A42C-F92EE6D5C47A}.Release|ARM.Build.0 = Release|Any CPU
		{AE6830F6-7E94-401D-A42C-F92EE6D5C47A}.Release|ARM.Deploy.0 = Release|Any CPU
		{AE6830F6-7E94-401D-A42C-F92EE6D5C47A}.Release|iPhone.ActiveCfg = Release|Any CPU
		{AE6830F6-7E94-401D-A42C-F92EE6D5C47A}.Release|iPhone.Build.0 = Release|Any CPU
		{AE6830F6-7E94-401D-A42C-F92EE6D5C47A}.Release|iPhone.Deploy.0 = Release|Any CPU
		{AE6830F6-7E94-401D-A42C-F92EE6D5C47A}.Release|iPhoneSimulator.ActiveCfg = Release|Any CPU
		{AE6830F6-7E94-401D-A42C-F92EE6D5C47A}.Release|iPhoneSimulator.Build.0 = Release|Any CPU
		{AE6830F6-7E94-401D-A42C-F92EE6D5C47A}.Release|iPhoneSimulator.Deploy.0 = Release|Any CPU
		{AE6830F6-7E94-401D-A42C-F92EE6D5C47A}.Release|x64.ActiveCfg = Release|Any CPU
		{AE6830F6-7E94-401D-A42C-F92EE6D5C47A}.Release|x64.Build.0 = Release|Any CPU
		{AE6830F6-7E94-401D-A42C-F92EE6D5C47A}.Release|x64.Deploy.0 = Release|Any CPU
		{AE6830F6-7E94-401D-A42C-F92EE6D5C47A}.Release|x86.ActiveCfg = Release|Any CPU
		{AE6830F6-7E94-401D-A42C-F92EE6D5C47A}.Release|x86.Build.0 = Release|Any CPU
		{AE6830F6-7E94-401D-A42C-F92EE6D5C47A}.Release|x86.Deploy.0 = Release|Any CPU
	EndGlobalSection
	GlobalSection(SolutionProperties) = preSolution
		HideSolutionNode = FALSE
	EndGlobalSection
	GlobalSection(ExtensibilityGlobals) = postSolution
		SolutionGuid = {3A951904-72D6-4881-82A8-2C8158AE57AE}
	EndGlobalSection
EndGlobal
